// !$*UTF8*$!
{
	archiveVersion = 1;
	classes = {
	};
	objectVersion = 46;
	objects = {

/* Begin PBXBuildFile section */
		4333BA40196EE6450008BC48 /* FrameBuffer.m in Sources */ = {isa = PBXBuildFile; fileRef = 4333BA30196EE6450008BC48 /* FrameBuffer.m */; };
		4333BA41196EE6450008BC48 /* MetalView.swift in Sources */ = {isa = PBXBuildFile; fileRef = 4333BA31196EE6450008BC48 /* MetalView.swift */; };
		4333BA42196EE6450008BC48 /* MetalViewController.swift in Sources */ = {isa = PBXBuildFile; fileRef = 4333BA32196EE6450008BC48 /* MetalViewController.swift */; };
		4333BA43196EE6450008BC48 /* Node.swift in Sources */ = {isa = PBXBuildFile; fileRef = 4333BA34196EE6450008BC48 /* Node.swift */; };
		4333BA44196EE6450008BC48 /* Scene.swift in Sources */ = {isa = PBXBuildFile; fileRef = 4333BA35196EE6450008BC48 /* Scene.swift */; };
		4333BA45196EE6450008BC48 /* BaseEffect.swift in Sources */ = {isa = PBXBuildFile; fileRef = 4333BA37196EE6450008BC48 /* BaseEffect.swift */; };
		4333BA46196EE6450008BC48 /* METLTexture.m in Sources */ = {isa = PBXBuildFile; fileRef = 4333BA39196EE6450008BC48 /* METLTexture.m */; };
		4333BA47196EE6450008BC48 /* Shaders.metal in Sources */ = {isa = PBXBuildFile; fileRef = 4333BA3A196EE6450008BC48 /* Shaders.metal */; };
		4333BA48196EE6450008BC48 /* UniformsBufferGenerator.m in Sources */ = {isa = PBXBuildFile; fileRef = 4333BA3C196EE6450008BC48 /* UniformsBufferGenerator.m */; };
		4333BA49196EE6450008BC48 /* Vertex.swift in Sources */ = {isa = PBXBuildFile; fileRef = 4333BA3D196EE6450008BC48 /* Vertex.swift */; };
		4333BA4A196EE6450008BC48 /* VertexBufferGenerator.m in Sources */ = {isa = PBXBuildFile; fileRef = 4333BA3F196EE6450008BC48 /* VertexBufferGenerator.m */; };
		4333BA50196EE6D20008BC48 /* bg.jpg in Resources */ = {isa = PBXBuildFile; fileRef = 4333BA4C196EE6D20008BC48 /* bg.jpg */; };
		4333BA52196EE6D20008BC48 /* char_ram_col.jpg in Resources */ = {isa = PBXBuildFile; fileRef = 4333BA4E196EE6D20008BC48 /* char_ram_col.jpg */; };
		4333BA53196EE6D20008BC48 /* eye.png in Resources */ = {isa = PBXBuildFile; fileRef = 4333BA4F196EE6D20008BC48 /* eye.png */; };
		4333BA55196EE7900008BC48 /* pip.png in Resources */ = {isa = PBXBuildFile; fileRef = 4333BA54196EE7900008BC48 /* pip.png */; };
		4333BA5D196EE85F0008BC48 /* Pipe.swift in Sources */ = {isa = PBXBuildFile; fileRef = 4333BA57196EE85F0008BC48 /* Pipe.swift */; };
		4333BA5E196EE85F0008BC48 /* pipe.txt in Resources */ = {isa = PBXBuildFile; fileRef = 4333BA58196EE85F0008BC48 /* pipe.txt */; };
		4333BA5F196EE85F0008BC48 /* PipeWall.swift in Sources */ = {isa = PBXBuildFile; fileRef = 4333BA59196EE85F0008BC48 /* PipeWall.swift */; };
		4333BA60196EE85F0008BC48 /* RatioSquare.swift in Sources */ = {isa = PBXBuildFile; fileRef = 4333BA5B196EE85F0008BC48 /* RatioSquare.swift */; };
		4333BA61196EE85F0008BC48 /* Square.swift in Sources */ = {isa = PBXBuildFile; fileRef = 4333BA5C196EE85F0008BC48 /* Square.swift */; };
		4333BA64196EE8C70008BC48 /* Matrix4.m in Sources */ = {isa = PBXBuildFile; fileRef = 4333BA63196EE8C70008BC48 /* Matrix4.m */; };
		43479286195AC83E00FA2962 /* Images.xcassets in Resources */ = {isa = PBXBuildFile; fileRef = 43479282195AC83E00FA2962 /* Images.xcassets */; };
		435244D6195AC04000D62D63 /* AppDelegate.swift in Sources */ = {isa = PBXBuildFile; fileRef = 435244D2195AC04000D62D63 /* AppDelegate.swift */; };
		435244D9195AC04000D62D63 /* Storyboard.storyboard in Resources */ = {isa = PBXBuildFile; fileRef = 435244D5195AC04000D62D63 /* Storyboard.storyboard */; };
		4383CE14196BFAEE008B21D4 /* ram.txt in Resources */ = {isa = PBXBuildFile; fileRef = 4383CE13196BFAEE008B21D4 /* ram.txt */; };
		438C244A1966009A003DA3DB /* Ram.swift in Sources */ = {isa = PBXBuildFile; fileRef = 438C24481966009A003DA3DB /* Ram.swift */; };
		438C244D19660B44003DA3DB /* FlapySceneViewController.swift in Sources */ = {isa = PBXBuildFile; fileRef = 438C244C19660B44003DA3DB /* FlapySceneViewController.swift */; };
		43A481221966A07D0079B3AF /* FlapyScene.swift in Sources */ = {isa = PBXBuildFile; fileRef = 43A481211966A07D0079B3AF /* FlapyScene.swift */; };
/* End PBXBuildFile section */

/* Begin PBXFileReference section */
		4304BFCB195455A800326016 /* Metal Flaps.app */ = {isa = PBXFileReference; explicitFileType = wrapper.application; includeInIndex = 0; path = "Metal Flaps.app"; sourceTree = BUILT_PRODUCTS_DIR; };
		4304BFE6195455A800326016 /* Info.plist */ = {isa = PBXFileReference; lastKnownFileType = text.plist.xml; path = Info.plist; sourceTree = "<group>"; };
		4304BFE7195455A800326016 /* MetalTryOut_ObjcTests.m */ = {isa = PBXFileReference; lastKnownFileType = sourcecode.c.objc; path = MetalTryOut_ObjcTests.m; sourceTree = "<group>"; };
		4333BA2F196EE6450008BC48 /* FrameBuffer.h */ = {isa = PBXFileReference; fileEncoding = 4; lastKnownFileType = sourcecode.c.h; path = FrameBuffer.h; sourceTree = "<group>"; };
		4333BA30196EE6450008BC48 /* FrameBuffer.m */ = {isa = PBXFileReference; fileEncoding = 4; lastKnownFileType = sourcecode.c.objc; path = FrameBuffer.m; sourceTree = "<group>"; };
		4333BA31196EE6450008BC48 /* MetalView.swift */ = {isa = PBXFileReference; fileEncoding = 4; lastKnownFileType = sourcecode.swift; path = MetalView.swift; sourceTree = "<group>"; };
		4333BA32196EE6450008BC48 /* MetalViewController.swift */ = {isa = PBXFileReference; fileEncoding = 4; lastKnownFileType = sourcecode.swift; path = MetalViewController.swift; sourceTree = "<group>"; };
		4333BA34196EE6450008BC48 /* Node.swift */ = {isa = PBXFileReference; fileEncoding = 4; lastKnownFileType = sourcecode.swift; path = Node.swift; sourceTree = "<group>"; };
		4333BA35196EE6450008BC48 /* Scene.swift */ = {isa = PBXFileReference; fileEncoding = 4; lastKnownFileType = sourcecode.swift; path = Scene.swift; sourceTree = "<group>"; };
		4333BA37196EE6450008BC48 /* BaseEffect.swift */ = {isa = PBXFileReference; fileEncoding = 4; lastKnownFileType = sourcecode.swift; path = BaseEffect.swift; sourceTree = "<group>"; };
		4333BA38196EE6450008BC48 /* METLTexture.h */ = {isa = PBXFileReference; fileEncoding = 4; lastKnownFileType = sourcecode.c.h; path = METLTexture.h; sourceTree = "<group>"; };
		4333BA39196EE6450008BC48 /* METLTexture.m */ = {isa = PBXFileReference; fileEncoding = 4; lastKnownFileType = sourcecode.c.objc; path = METLTexture.m; sourceTree = "<group>"; };
		4333BA3A196EE6450008BC48 /* Shaders.metal */ = {isa = PBXFileReference; fileEncoding = 4; lastKnownFileType = sourcecode.metal; path = Shaders.metal; sourceTree = "<group>"; };
		4333BA3B196EE6450008BC48 /* UniformsBufferGenerator.h */ = {isa = PBXFileReference; fileEncoding = 4; lastKnownFileType = sourcecode.c.h; path = UniformsBufferGenerator.h; sourceTree = "<group>"; };
		4333BA3C196EE6450008BC48 /* UniformsBufferGenerator.m */ = {isa = PBXFileReference; fileEncoding = 4; lastKnownFileType = sourcecode.c.objc; path = UniformsBufferGenerator.m; sourceTree = "<group>"; };
		4333BA3D196EE6450008BC48 /* Vertex.swift */ = {isa = PBXFileReference; fileEncoding = 4; lastKnownFileType = sourcecode.swift; path = Vertex.swift; sourceTree = "<group>"; };
		4333BA3E196EE6450008BC48 /* VertexBufferGenerator.h */ = {isa = PBXFileReference; fileEncoding = 4; lastKnownFileType = sourcecode.c.h; path = VertexBufferGenerator.h; sourceTree = "<group>"; };
		4333BA3F196EE6450008BC48 /* VertexBufferGenerator.m */ = {isa = PBXFileReference; fileEncoding = 4; lastKnownFileType = sourcecode.c.objc; path = VertexBufferGenerator.m; sourceTree = "<group>"; };
		4333BA4C196EE6D20008BC48 /* bg.jpg */ = {isa = PBXFileReference; lastKnownFileType = image.jpeg; path = bg.jpg; sourceTree = "<group>"; };
		4333BA4E196EE6D20008BC48 /* char_ram_col.jpg */ = {isa = PBXFileReference; lastKnownFileType = image.jpeg; path = char_ram_col.jpg; sourceTree = "<group>"; };
		4333BA4F196EE6D20008BC48 /* eye.png */ = {isa = PBXFileReference; lastKnownFileType = image.png; path = eye.png; sourceTree = "<group>"; };
		4333BA54196EE7900008BC48 /* pip.png */ = {isa = PBXFileReference; lastKnownFileType = image.png; path = pip.png; sourceTree = "<group>"; };
		4333BA57196EE85F0008BC48 /* Pipe.swift */ = {isa = PBXFileReference; fileEncoding = 4; lastKnownFileType = sourcecode.swift; path = Pipe.swift; sourceTree = "<group>"; };
		4333BA58196EE85F0008BC48 /* pipe.txt */ = {isa = PBXFileReference; fileEncoding = 4; lastKnownFileType = text; path = pipe.txt; sourceTree = "<group>"; };
		4333BA59196EE85F0008BC48 /* PipeWall.swift */ = {isa = PBXFileReference; fileEncoding = 4; lastKnownFileType = sourcecode.swift; path = PipeWall.swift; sourceTree = "<group>"; };
		4333BA5B196EE85F0008BC48 /* RatioSquare.swift */ = {isa = PBXFileReference; fileEncoding = 4; lastKnownFileType = sourcecode.swift; path = RatioSquare.swift; sourceTree = "<group>"; };
		4333BA5C196EE85F0008BC48 /* Square.swift */ = {isa = PBXFileReference; fileEncoding = 4; lastKnownFileType = sourcecode.swift; path = Square.swift; sourceTree = "<group>"; };
		4333BA62196EE8C70008BC48 /* Matrix4.h */ = {isa = PBXFileReference; fileEncoding = 4; lastKnownFileType = sourcecode.c.h; path = Matrix4.h; sourceTree = "<group>"; };
		4333BA63196EE8C70008BC48 /* Matrix4.m */ = {isa = PBXFileReference; fileEncoding = 4; lastKnownFileType = sourcecode.c.objc; path = Matrix4.m; sourceTree = "<group>"; };
		43479282195AC83E00FA2962 /* Images.xcassets */ = {isa = PBXFileReference; lastKnownFileType = folder.assetcatalog; path = Images.xcassets; sourceTree = "<group>"; };
		43479283195AC83E00FA2962 /* Info.plist */ = {isa = PBXFileReference; fileEncoding = 4; lastKnownFileType = text.plist.xml; path = Info.plist; sourceTree = "<group>"; };
		43479285195AC83E00FA2962 /* Triangle-Bridging-Header.h */ = {isa = PBXFileReference; fileEncoding = 4; lastKnownFileType = sourcecode.c.h; path = "Triangle-Bridging-Header.h"; sourceTree = "<group>"; };
		435244D2195AC04000D62D63 /* AppDelegate.swift */ = {isa = PBXFileReference; fileEncoding = 4; lastKnownFileType = sourcecode.swift; path = AppDelegate.swift; sourceTree = "<group>"; };
		435244D5195AC04000D62D63 /* Storyboard.storyboard */ = {isa = PBXFileReference; fileEncoding = 4; lastKnownFileType = file.storyboard; path = Storyboard.storyboard; sourceTree = "<group>"; };
		4383CE13196BFAEE008B21D4 /* ram.txt */ = {isa = PBXFileReference; fileEncoding = 4; lastKnownFileType = text; path = ram.txt; sourceTree = "<group>"; };
		438C24481966009A003DA3DB /* Ram.swift */ = {isa = PBXFileReference; fileEncoding = 4; lastKnownFileType = sourcecode.swift; path = Ram.swift; sourceTree = "<group>"; };
		438C244C19660B44003DA3DB /* FlapySceneViewController.swift */ = {isa = PBXFileReference; fileEncoding = 4; lastKnownFileType = sourcecode.swift; path = FlapySceneViewController.swift; sourceTree = "<group>"; };
		43A481211966A07D0079B3AF /* FlapyScene.swift */ = {isa = PBXFileReference; fileEncoding = 4; lastKnownFileType = sourcecode.swift; path = FlapyScene.swift; sourceTree = "<group>"; };
/* End PBXFileReference section */

/* Begin PBXFrameworksBuildPhase section */
		4304BFC8195455A800326016 /* Frameworks */ = {
			isa = PBXFrameworksBuildPhase;
			buildActionMask = 2147483647;
			files = (
			);
			runOnlyForDeploymentPostprocessing = 0;
		};
/* End PBXFrameworksBuildPhase section */

/* Begin PBXGroup section */
		4304BFC2195455A800326016 = {
			isa = PBXGroup;
			children = (
				4304BFCD195455A800326016 /* MetalTryOut-Objc */,
				4304BFE4195455A800326016 /* MetalTryOut-ObjcTests */,
				4304BFCC195455A800326016 /* Products */,
			);
			sourceTree = "<group>";
		};
		4304BFCC195455A800326016 /* Products */ = {
			isa = PBXGroup;
			children = (
				4304BFCB195455A800326016 /* Metal Flaps.app */,
			);
			name = Products;
			sourceTree = "<group>";
		};
		4304BFCD195455A800326016 /* MetalTryOut-Objc */ = {
			isa = PBXGroup;
			children = (
				4333BA2D196EE6450008BC48 /* SimpleMetal */,
				43479281195AC82A00FA2962 /* Supporting files */,
				435244DA195AC06A00D62D63 /* Nodes */,
				435244D0195ABFFF00D62D63 /* Main */,
				435244D1195ABFFF00D62D63 /* Shaders */,
			);
			path = "MetalTryOut-Objc";
			sourceTree = "<group>";
		};
		4304BFE4195455A800326016 /* MetalTryOut-ObjcTests */ = {
			isa = PBXGroup;
			children = (
				4304BFE7195455A800326016 /* MetalTryOut_ObjcTests.m */,
				4304BFE5195455A800326016 /* Supporting Files */,
			);
			path = "MetalTryOut-ObjcTests";
			sourceTree = "<group>";
		};
		4304BFE5195455A800326016 /* Supporting Files */ = {
			isa = PBXGroup;
			children = (
				4304BFE6195455A800326016 /* Info.plist */,
			);
			name = "Supporting Files";
			sourceTree = "<group>";
		};
		4333BA2D196EE6450008BC48 /* SimpleMetal */ = {
			isa = PBXGroup;
			children = (
				4333BA2E196EE6450008BC48 /* Main */,
				4333BA33196EE6450008BC48 /* Nodes */,
				4333BA36196EE6450008BC48 /* Shaders related */,
			);
			path = SimpleMetal;
			sourceTree = SOURCE_ROOT;
		};
		4333BA2E196EE6450008BC48 /* Main */ = {
			isa = PBXGroup;
			children = (
				4333BA2F196EE6450008BC48 /* FrameBuffer.h */,
				4333BA30196EE6450008BC48 /* FrameBuffer.m */,
				4333BA31196EE6450008BC48 /* MetalView.swift */,
				4333BA32196EE6450008BC48 /* MetalViewController.swift */,
			);
			path = Main;
			sourceTree = "<group>";
		};
		4333BA33196EE6450008BC48 /* Nodes */ = {
			isa = PBXGroup;
			children = (
				4333BA34196EE6450008BC48 /* Node.swift */,
				4333BA35196EE6450008BC48 /* Scene.swift */,
			);
			path = Nodes;
			sourceTree = "<group>";
		};
		4333BA36196EE6450008BC48 /* Shaders related */ = {
			isa = PBXGroup;
			children = (
				4333BA62196EE8C70008BC48 /* Matrix4.h */,
				4333BA63196EE8C70008BC48 /* Matrix4.m */,
				4333BA37196EE6450008BC48 /* BaseEffect.swift */,
				4333BA38196EE6450008BC48 /* METLTexture.h */,
				4333BA39196EE6450008BC48 /* METLTexture.m */,
				4333BA3A196EE6450008BC48 /* Shaders.metal */,
				4333BA3B196EE6450008BC48 /* UniformsBufferGenerator.h */,
				4333BA3C196EE6450008BC48 /* UniformsBufferGenerator.m */,
				4333BA3D196EE6450008BC48 /* Vertex.swift */,
				4333BA3E196EE6450008BC48 /* VertexBufferGenerator.h */,
				4333BA3F196EE6450008BC48 /* VertexBufferGenerator.m */,
			);
			path = "Shaders related";
			sourceTree = "<group>";
		};
		4333BA4B196EE6D20008BC48 /* Resources */ = {
			isa = PBXGroup;
			children = (
				4333BA54196EE7900008BC48 /* pip.png */,
				4333BA4C196EE6D20008BC48 /* bg.jpg */,
				4333BA4E196EE6D20008BC48 /* char_ram_col.jpg */,
				4333BA4F196EE6D20008BC48 /* eye.png */,
			);
			path = Resources;
			sourceTree = "<group>";
		};
		4333BA56196EE85E0008BC48 /* Pipe */ = {
			isa = PBXGroup;
			children = (
				4333BA57196EE85F0008BC48 /* Pipe.swift */,
				4333BA58196EE85F0008BC48 /* pipe.txt */,
				4333BA59196EE85F0008BC48 /* PipeWall.swift */,
			);
			path = Pipe;
			sourceTree = "<group>";
		};
		4333BA5A196EE85F0008BC48 /* Square */ = {
			isa = PBXGroup;
			children = (
				4333BA5B196EE85F0008BC48 /* RatioSquare.swift */,
				4333BA5C196EE85F0008BC48 /* Square.swift */,
			);
			path = Square;
			sourceTree = "<group>";
		};
		43479281195AC82A00FA2962 /* Supporting files */ = {
			isa = PBXGroup;
			children = (
				4333BA4B196EE6D20008BC48 /* Resources */,
				43479282195AC83E00FA2962 /* Images.xcassets */,
				43479283195AC83E00FA2962 /* Info.plist */,
				43479285195AC83E00FA2962 /* Triangle-Bridging-Header.h */,
			);
			name = "Supporting files";
			sourceTree = "<group>";
		};
		435244D0195ABFFF00D62D63 /* Main */ = {
			isa = PBXGroup;
			children = (
				435244D2195AC04000D62D63 /* AppDelegate.swift */,
				438C244C19660B44003DA3DB /* FlapySceneViewController.swift */,
				435244D5195AC04000D62D63 /* Storyboard.storyboard */,
			);
			path = Main;
			sourceTree = "<group>";
		};
		435244D1195ABFFF00D62D63 /* Shaders */ = {
			isa = PBXGroup;
			children = (
			);
			path = Shaders;
			sourceTree = "<group>";
		};
		435244DA195AC06A00D62D63 /* Nodes */ = {
			isa = PBXGroup;
			children = (
				4333BA56196EE85E0008BC48 /* Pipe */,
				4333BA5A196EE85F0008BC48 /* Square */,
				438C243B1966006E003DA3DB /* Ram */,
				43A481211966A07D0079B3AF /* FlapyScene.swift */,
			);
			path = Nodes;
			sourceTree = "<group>";
		};
		438C243B1966006E003DA3DB /* Ram */ = {
			isa = PBXGroup;
			children = (
				438C24481966009A003DA3DB /* Ram.swift */,
				4383CE13196BFAEE008B21D4 /* ram.txt */,
			);
			path = Ram;
			sourceTree = "<group>";
		};
/* End PBXGroup section */

/* Begin PBXNativeTarget section */
		4304BFCA195455A800326016 /* Metal Flaps */ = {
			isa = PBXNativeTarget;
			buildConfigurationList = 4304BFEB195455A800326016 /* Build configuration list for PBXNativeTarget "Metal Flaps" */;
			buildPhases = (
				4304BFC7195455A800326016 /* Sources */,
				4304BFC8195455A800326016 /* Frameworks */,
				4304BFC9195455A800326016 /* Resources */,
			);
			buildRules = (
			);
			dependencies = (
			);
			name = "Metal Flaps";
			productName = "MetalTryOut-Objc";
			productReference = 4304BFCB195455A800326016 /* Metal Flaps.app */;
			productType = "com.apple.product-type.application";
		};
/* End PBXNativeTarget section */

/* Begin PBXProject section */
		4304BFC3195455A800326016 /* Project object */ = {
			isa = PBXProject;
			attributes = {
				LastUpgradeCheck = 0600;
				ORGANIZATIONNAME = "Andrew Kharchyshyn";
				TargetAttributes = {
					4304BFCA195455A800326016 = {
						CreatedOnToolsVersion = 6.0;
					};
				};
			};
			buildConfigurationList = 4304BFC6195455A800326016 /* Build configuration list for PBXProject "Metal Flaps" */;
			compatibilityVersion = "Xcode 3.2";
			developmentRegion = English;
			hasScannedForEncodings = 0;
			knownRegions = (
				en,
				Base,
			);
			mainGroup = 4304BFC2195455A800326016;
			productRefGroup = 4304BFCC195455A800326016 /* Products */;
			projectDirPath = "";
			projectRoot = "";
			targets = (
				4304BFCA195455A800326016 /* Metal Flaps */,
			);
		};
/* End PBXProject section */

/* Begin PBXResourcesBuildPhase section */
		4304BFC9195455A800326016 /* Resources */ = {
			isa = PBXResourcesBuildPhase;
			buildActionMask = 2147483647;
			files = (
				4333BA50196EE6D20008BC48 /* bg.jpg in Resources */,
				43479286195AC83E00FA2962 /* Images.xcassets in Resources */,
				4333BA55196EE7900008BC48 /* pip.png in Resources */,
				4383CE14196BFAEE008B21D4 /* ram.txt in Resources */,
				4333BA5E196EE85F0008BC48 /* pipe.txt in Resources */,
				4333BA53196EE6D20008BC48 /* eye.png in Resources */,
				4333BA52196EE6D20008BC48 /* char_ram_col.jpg in Resources */,
				435244D9195AC04000D62D63 /* Storyboard.storyboard in Resources */,
			);
			runOnlyForDeploymentPostprocessing = 0;
		};
/* End PBXResourcesBuildPhase section */

/* Begin PBXSourcesBuildPhase section */
		4304BFC7195455A800326016 /* Sources */ = {
			isa = PBXSourcesBuildPhase;
			buildActionMask = 2147483647;
			files = (
				4333BA61196EE85F0008BC48 /* Square.swift in Sources */,
				4333BA64196EE8C70008BC48 /* Matrix4.m in Sources */,
				4333BA41196EE6450008BC48 /* MetalView.swift in Sources */,
				4333BA46196EE6450008BC48 /* METLTexture.m in Sources */,
				4333BA44196EE6450008BC48 /* Scene.swift in Sources */,
				4333BA45196EE6450008BC48 /* BaseEffect.swift in Sources */,
				4333BA47196EE6450008BC48 /* Shaders.metal in Sources */,
				435244D6195AC04000D62D63 /* AppDelegate.swift in Sources */,
				4333BA40196EE6450008BC48 /* FrameBuffer.m in Sources */,
				438C244D19660B44003DA3DB /* FlapySceneViewController.swift in Sources */,
				4333BA42196EE6450008BC48 /* MetalViewController.swift in Sources */,
				4333BA49196EE6450008BC48 /* Vertex.swift in Sources */,
				4333BA60196EE85F0008BC48 /* RatioSquare.swift in Sources */,
				43A481221966A07D0079B3AF /* FlapyScene.swift in Sources */,
				4333BA48196EE6450008BC48 /* UniformsBufferGenerator.m in Sources */,
				4333BA4A196EE6450008BC48 /* VertexBufferGenerator.m in Sources */,
				438C244A1966009A003DA3DB /* Ram.swift in Sources */,
				4333BA5F196EE85F0008BC48 /* PipeWall.swift in Sources */,
				4333BA43196EE6450008BC48 /* Node.swift in Sources */,
				4333BA5D196EE85F0008BC48 /* Pipe.swift in Sources */,
			);
			runOnlyForDeploymentPostprocessing = 0;
		};
/* End PBXSourcesBuildPhase section */

/* Begin XCBuildConfiguration section */
		4304BFE9195455A800326016 /* Debug */ = {
			isa = XCBuildConfiguration;
			buildSettings = {
				ALWAYS_SEARCH_USER_PATHS = NO;
				CLANG_CXX_LANGUAGE_STANDARD = "gnu++0x";
				CLANG_CXX_LIBRARY = "libc++";
				CLANG_ENABLE_MODULES = YES;
				CLANG_ENABLE_OBJC_ARC = YES;
				CLANG_WARN_BOOL_CONVERSION = YES;
				CLANG_WARN_CONSTANT_CONVERSION = YES;
				CLANG_WARN_DIRECT_OBJC_ISA_USAGE = YES_ERROR;
				CLANG_WARN_EMPTY_BODY = YES;
				CLANG_WARN_ENUM_CONVERSION = YES;
				CLANG_WARN_INT_CONVERSION = YES;
				CLANG_WARN_OBJC_ROOT_CLASS = YES_ERROR;
				CLANG_WARN_UNREACHABLE_CODE = YES;
				CLANG_WARN__DUPLICATE_METHOD_MATCH = YES;
				"CODE_SIGN_IDENTITY[sdk=iphoneos*]" = "iPhone Developer";
				COPY_PHASE_STRIP = NO;
				ENABLE_STRICT_OBJC_MSGSEND = YES;
				GCC_C_LANGUAGE_STANDARD = gnu99;
				GCC_DYNAMIC_NO_PIC = NO;
				GCC_OPTIMIZATION_LEVEL = 0;
				GCC_PREPROCESSOR_DEFINITIONS = (
					"DEBUG=1",
					"$(inherited)",
				);
				GCC_SYMBOLS_PRIVATE_EXTERN = NO;
				GCC_WARN_64_TO_32_BIT_CONVERSION = YES;
				GCC_WARN_ABOUT_RETURN_TYPE = YES_ERROR;
				GCC_WARN_UNDECLARED_SELECTOR = YES;
				GCC_WARN_UNINITIALIZED_AUTOS = YES_AGGRESSIVE;
				GCC_WARN_UNUSED_FUNCTION = YES;
				GCC_WARN_UNUSED_VARIABLE = YES;
				IPHONEOS_DEPLOYMENT_TARGET = 8.0;
				METAL_ENABLE_DEBUG_INFO = YES;
				ONLY_ACTIVE_ARCH = YES;
				SDKROOT = iphoneos;
			};
			name = Debug;
		};
		4304BFEA195455A800326016 /* Release */ = {
			isa = XCBuildConfiguration;
			buildSettings = {
				ALWAYS_SEARCH_USER_PATHS = NO;
				CLANG_CXX_LANGUAGE_STANDARD = "gnu++0x";
				CLANG_CXX_LIBRARY = "libc++";
				CLANG_ENABLE_MODULES = YES;
				CLANG_ENABLE_OBJC_ARC = YES;
				CLANG_WARN_BOOL_CONVERSION = YES;
				CLANG_WARN_CONSTANT_CONVERSION = YES;
				CLANG_WARN_DIRECT_OBJC_ISA_USAGE = YES_ERROR;
				CLANG_WARN_EMPTY_BODY = YES;
				CLANG_WARN_ENUM_CONVERSION = YES;
				CLANG_WARN_INT_CONVERSION = YES;
				CLANG_WARN_OBJC_ROOT_CLASS = YES_ERROR;
				CLANG_WARN_UNREACHABLE_CODE = YES;
				CLANG_WARN__DUPLICATE_METHOD_MATCH = YES;
				"CODE_SIGN_IDENTITY[sdk=iphoneos*]" = "iPhone Developer";
				COPY_PHASE_STRIP = YES;
				ENABLE_NS_ASSERTIONS = NO;
				ENABLE_STRICT_OBJC_MSGSEND = YES;
				GCC_C_LANGUAGE_STANDARD = gnu99;
				GCC_WARN_64_TO_32_BIT_CONVERSION = YES;
				GCC_WARN_ABOUT_RETURN_TYPE = YES_ERROR;
				GCC_WARN_UNDECLARED_SELECTOR = YES;
				GCC_WARN_UNINITIALIZED_AUTOS = YES_AGGRESSIVE;
				GCC_WARN_UNUSED_FUNCTION = YES;
				GCC_WARN_UNUSED_VARIABLE = YES;
				IPHONEOS_DEPLOYMENT_TARGET = 8.0;
				METAL_ENABLE_DEBUG_INFO = NO;
				SDKROOT = iphoneos;
				VALIDATE_PRODUCT = YES;
			};
			name = Release;
		};
		4304BFEC195455A800326016 /* Debug */ = {
			isa = XCBuildConfiguration;
			buildSettings = {
				ASSETCATALOG_COMPILER_APPICON_NAME = AppIcon;
				ASSETCATALOG_COMPILER_LAUNCHIMAGE_NAME = LaunchImage;
				CLANG_ENABLE_MODULES = YES;
				INFOPLIST_FILE = "MetalTryOut-Objc/Info.plist";
				LD_RUNPATH_SEARCH_PATHS = "$(inherited) @executable_path/Frameworks";
				MTL_ENABLE_DEBUG_INFO = YES;
				OTHER_SWIFT_FLAGS = "";
				PRODUCT_NAME = "Metal Flaps";
				SWIFT_OBJC_BRIDGING_HEADER = "MetalTryOut-Objc/Triangle-Bridging-Header.h";
				SWIFT_OPTIMIZATION_LEVEL = "-Ofast";
			};
			name = Debug;
		};
		4304BFED195455A800326016 /* Release */ = {
			isa = XCBuildConfiguration;
			buildSettings = {
				ASSETCATALOG_COMPILER_APPICON_NAME = AppIcon;
				ASSETCATALOG_COMPILER_LAUNCHIMAGE_NAME = LaunchImage;
				CLANG_ENABLE_MODULES = YES;
				INFOPLIST_FILE = "MetalTryOut-Objc/Info.plist";
				LD_RUNPATH_SEARCH_PATHS = "$(inherited) @executable_path/Frameworks";
				MTL_ENABLE_DEBUG_INFO = YES;
				OTHER_SWIFT_FLAGS = "";
				PRODUCT_NAME = "Metal Flaps";
				SWIFT_OBJC_BRIDGING_HEADER = "MetalTryOut-Objc/Triangle-Bridging-Header.h";
				SWIFT_OPTIMIZATION_LEVEL = "-Ofast";
			};
			name = Release;
		};
/* End XCBuildConfiguration section */

/* Begin XCConfigurationList section */
		4304BFC6195455A800326016 /* Build configuration list for PBXProject "Metal Flaps" */ = {
			isa = XCConfigurationList;
			buildConfigurations = (
				4304BFE9195455A800326016 /* Debug */,
				4304BFEA195455A800326016 /* Release */,
			);
			defaultConfigurationIsVisible = 0;
			defaultConfigurationName = Release;
		};
		4304BFEB195455A800326016 /* Build configuration list for PBXNativeTarget "Metal Flaps" */ = {
			isa = XCConfigurationList;
			buildConfigurations = (
				4304BFEC195455A800326016 /* Debug */,
				4304BFED195455A800326016 /* Release */,
			);
			defaultConfigurationIsVisible = 0;
			defaultConfigurationName = Release;
		};
/* End XCConfigurationList section */
	};
	rootObject = 4304BFC3195455A800326016 /* Project object */;
}
